
Microsoft Visual Studio Solution File, Format Version 12.00
# Visual Studio Version 16
VisualStudioVersion = 16.0.29009.5
MinimumVisualStudioVersion = 10.0.40219.1
Project("{FAE04EC0-301F-11D3-BF4B-00C04F79EFBC}") = "SmallerGame", "SmallerGame\SmallerGame.csproj", "{FE0D054F-170C-4E63-8110-F2AD773BB7CC}"
EndProject
Project("{FAE04EC0-301F-11D3-BF4B-00C04F79EFBC}") = "WpfApp2", "WpfApp2\WpfApp2.csproj", "{CE096A53-69F0-488F-AC80-EDF9153EBB9B}"
EndProject
Global
	GlobalSection(SolutionConfigurationPlatforms) = preSolution
		Debug|Any CPU = Debug|Any CPU
		Release|Any CPU = Release|Any CPU
	EndGlobalSection
	GlobalSection(ProjectConfigurationPlatforms) = postSolution
		{FE0D054F-170C-4E63-8110-F2AD773BB7CC}.Debug|Any CPU.ActiveCfg = Debug|Any CPU
		{FE0D054F-170C-4E63-8110-F2AD773BB7CC}.Debug|Any CPU.Build.0 = Debug|Any CPU
		{FE0D054F-170C-4E63-8110-F2AD773BB7CC}.Release|Any CPU.ActiveCfg = Release|Any CPU
		{FE0D054F-170C-4E63-8110-F2AD773BB7CC}.Release|Any CPU.Build.0 = Release|Any CPU
		{CE096A53-69F0-488F-AC80-EDF9153EBB9B}.Debug|Any CPU.ActiveCfg = Debug|Any CPU
		{CE096A53-69F0-488F-AC80-EDF9153EBB9B}.Debug|Any CPU.Build.0 = Debug|Any CPU
		{CE096A53-69F0-488F-AC80-EDF9153EBB9B}.Release|Any CPU.ActiveCfg = Release|Any CPU
		{CE096A53-69F0-488F-AC80-EDF9153EBB9B}.Release|Any CPU.Build.0 = Release|Any CPU
	EndGlobalSection
	GlobalSection(SolutionProperties) = preSolution
		HideSolutionNode = FALSE
	EndGlobalSection
	GlobalSection(ExtensibilityGlobals) = postSolution
		SolutionGuid = {B3E9298A-E88B-46ED-929F-54B2CF9735A5}
	EndGlobalSection
EndGlobal
