
Microsoft Visual Studio Solution File, Format Version 12.00
# Visual Studio Version 16
VisualStudioVersion = 16.0.29911.84
MinimumVisualStudioVersion = 10.0.40219.1
Project("{FAE04EC0-301F-11D3-BF4B-00C04F79EFBC}") = "s20_LabSheet8", "s20_LabSheet8\s20_LabSheet8.csproj", "{FF838C6A-FC5E-49F5-844C-08C88E8AD131}"
EndProject
Project("{FAE04EC0-301F-11D3-BF4B-00C04F79EFBC}") = "DataManagement", "DataManagement\DataManagement.csproj", "{FA703D43-A0DB-4B20-913A-88740180486D}"
EndProject
Project("{FAE04EC0-301F-11D3-BF4B-00C04F79EFBC}") = "ComputerGames", "ComputerGames\ComputerGames.csproj", "{31D49151-DD68-42A4-BB24-82681BB41C08}"
EndProject
Project("{FAE04EC0-301F-11D3-BF4B-00C04F79EFBC}") = "DataManagement2", "DataManagement2\DataManagement2.csproj", "{3D025443-AE16-4D6A-9FCA-7FE3763AB460}"
EndProject
Global
	GlobalSection(SolutionConfigurationPlatforms) = preSolution
		Debug|Any CPU = Debug|Any CPU
		Release|Any CPU = Release|Any CPU
	EndGlobalSection
	GlobalSection(ProjectConfigurationPlatforms) = postSolution
		{FF838C6A-FC5E-49F5-844C-08C88E8AD131}.Debug|Any CPU.ActiveCfg = Debug|Any CPU
		{FF838C6A-FC5E-49F5-844C-08C88E8AD131}.Debug|Any CPU.Build.0 = Debug|Any CPU
		{FF838C6A-FC5E-49F5-844C-08C88E8AD131}.Release|Any CPU.ActiveCfg = Release|Any CPU
		{FF838C6A-FC5E-49F5-844C-08C88E8AD131}.Release|Any CPU.Build.0 = Release|Any CPU
		{FA703D43-A0DB-4B20-913A-88740180486D}.Debug|Any CPU.ActiveCfg = Debug|Any CPU
		{FA703D43-A0DB-4B20-913A-88740180486D}.Debug|Any CPU.Build.0 = Debug|Any CPU
		{FA703D43-A0DB-4B20-913A-88740180486D}.Release|Any CPU.ActiveCfg = Release|Any CPU
		{FA703D43-A0DB-4B20-913A-88740180486D}.Release|Any CPU.Build.0 = Release|Any CPU
		{31D49151-DD68-42A4-BB24-82681BB41C08}.Debug|Any CPU.ActiveCfg = Debug|Any CPU
		{31D49151-DD68-42A4-BB24-82681BB41C08}.Debug|Any CPU.Build.0 = Debug|Any CPU
		{31D49151-DD68-42A4-BB24-82681BB41C08}.Release|Any CPU.ActiveCfg = Release|Any CPU
		{31D49151-DD68-42A4-BB24-82681BB41C08}.Release|Any CPU.Build.0 = Release|Any CPU
		{3D025443-AE16-4D6A-9FCA-7FE3763AB460}.Debug|Any CPU.ActiveCfg = Debug|Any CPU
		{3D025443-AE16-4D6A-9FCA-7FE3763AB460}.Debug|Any CPU.Build.0 = Debug|Any CPU
		{3D025443-AE16-4D6A-9FCA-7FE3763AB460}.Release|Any CPU.ActiveCfg = Release|Any CPU
		{3D025443-AE16-4D6A-9FCA-7FE3763AB460}.Release|Any CPU.Build.0 = Release|Any CPU
	EndGlobalSection
	GlobalSection(SolutionProperties) = preSolution
		HideSolutionNode = FALSE
	EndGlobalSection
	GlobalSection(ExtensibilityGlobals) = postSolution
		SolutionGuid = {3C113D4F-DA06-4BC0-80F6-1138E8EF522A}
	EndGlobalSection
EndGlobal
