
Microsoft Visual Studio Solution File, Format Version 12.00
# Visual Studio Version 16
VisualStudioVersion = 16.0.29025.244
MinimumVisualStudioVersion = 10.0.40219.1
Project("{FAE04EC0-301F-11D3-BF4B-00C04F79EFBC}") = "SampleCA1", "SampleCA1\SampleCA1.csproj", "{205D816A-29CF-4FF9-BA42-828A892ACB8D}"
EndProject
Global
	GlobalSection(SolutionConfigurationPlatforms) = preSolution
		Debug|Any CPU = Debug|Any CPU
		Release|Any CPU = Release|Any CPU
	EndGlobalSection
	GlobalSection(ProjectConfigurationPlatforms) = postSolution
		{205D816A-29CF-4FF9-BA42-828A892ACB8D}.Debug|Any CPU.ActiveCfg = Debug|Any CPU
		{205D816A-29CF-4FF9-BA42-828A892ACB8D}.Debug|Any CPU.Build.0 = Debug|Any CPU
		{205D816A-29CF-4FF9-BA42-828A892ACB8D}.Release|Any CPU.ActiveCfg = Release|Any CPU
		{205D816A-29CF-4FF9-BA42-828A892ACB8D}.Release|Any CPU.Build.0 = Release|Any CPU
	EndGlobalSection
	GlobalSection(SolutionProperties) = preSolution
		HideSolutionNode = FALSE
	EndGlobalSection
	GlobalSection(ExtensibilityGlobals) = postSolution
		SolutionGuid = {70C1F78E-71B9-4221-BE45-D4E13F3CC428}
	EndGlobalSection
EndGlobal
