
Microsoft Visual Studio Solution File, Format Version 12.00
# Visual Studio Version 16
VisualStudioVersion = 16.0.29009.5
MinimumVisualStudioVersion = 10.0.40219.1
Project("{9A19103F-16F7-4668-BE54-9A1E7A4F7556}") = "Game", "Game\Game.csproj", "{CC04B0B2-44C3-4CD7-B3A3-012B8165488C}"
EndProject
Project("{FAE04EC0-301F-11D3-BF4B-00C04F79EFBC}") = "AnotherSampleCA", "AnotherSampleCA\AnotherSampleCA.csproj", "{53D8DE4B-AD1A-40CC-ACFF-D98C0131C358}"
EndProject
Project("{FAE04EC0-301F-11D3-BF4B-00C04F79EFBC}") = "GameCA", "GameCA\GameCA.csproj", "{C33A0186-593D-438C-98D0-26EC33855F5F}"
EndProject
Global
	GlobalSection(SolutionConfigurationPlatforms) = preSolution
		Debug|Any CPU = Debug|Any CPU
		Release|Any CPU = Release|Any CPU
	EndGlobalSection
	GlobalSection(ProjectConfigurationPlatforms) = postSolution
		{CC04B0B2-44C3-4CD7-B3A3-012B8165488C}.Debug|Any CPU.ActiveCfg = Debug|Any CPU
		{CC04B0B2-44C3-4CD7-B3A3-012B8165488C}.Debug|Any CPU.Build.0 = Debug|Any CPU
		{CC04B0B2-44C3-4CD7-B3A3-012B8165488C}.Release|Any CPU.ActiveCfg = Release|Any CPU
		{CC04B0B2-44C3-4CD7-B3A3-012B8165488C}.Release|Any CPU.Build.0 = Release|Any CPU
		{53D8DE4B-AD1A-40CC-ACFF-D98C0131C358}.Debug|Any CPU.ActiveCfg = Debug|Any CPU
		{53D8DE4B-AD1A-40CC-ACFF-D98C0131C358}.Debug|Any CPU.Build.0 = Debug|Any CPU
		{53D8DE4B-AD1A-40CC-ACFF-D98C0131C358}.Release|Any CPU.ActiveCfg = Release|Any CPU
		{53D8DE4B-AD1A-40CC-ACFF-D98C0131C358}.Release|Any CPU.Build.0 = Release|Any CPU
		{C33A0186-593D-438C-98D0-26EC33855F5F}.Debug|Any CPU.ActiveCfg = Debug|Any CPU
		{C33A0186-593D-438C-98D0-26EC33855F5F}.Debug|Any CPU.Build.0 = Debug|Any CPU
		{C33A0186-593D-438C-98D0-26EC33855F5F}.Release|Any CPU.ActiveCfg = Release|Any CPU
		{C33A0186-593D-438C-98D0-26EC33855F5F}.Release|Any CPU.Build.0 = Release|Any CPU
	EndGlobalSection
	GlobalSection(SolutionProperties) = preSolution
		HideSolutionNode = FALSE
	EndGlobalSection
	GlobalSection(ExtensibilityGlobals) = postSolution
		SolutionGuid = {6C534D2C-D6EE-42CD-942B-CB183B4B5128}
	EndGlobalSection
EndGlobal
